
Microsoft Visual Studio Solution File, Format Version 12.00
# Visual Studio Version 17
VisualStudioVersion = 17.4.33205.214
MinimumVisualStudioVersion = 10.0.40219.1
Project("{FAE04EC0-301F-11D3-BF4B-00C04F79EFBC}") = "MVC_2022", "MVC_2022\MVC_2022.csproj", "{7AC52AA2-E78D-41DA-B59F-140F46CCCFBF}"
EndProject
Global
	GlobalSection(SolutionConfigurationPlatforms) = preSolution
		Debug|Any CPU = Debug|Any CPU
		Release|Any CPU = Release|Any CPU
	EndGlobalSection
	GlobalSection(ProjectConfigurationPlatforms) = postSolution
		{7AC52AA2-E78D-41DA-B59F-140F46CCCFBF}.Debug|Any CPU.ActiveCfg = Debug|Any CPU
		{7AC52AA2-E78D-41DA-B59F-140F46CCCFBF}.Debug|Any CPU.Build.0 = Debug|Any CPU
		{7AC52AA2-E78D-41DA-B59F-140F46CCCFBF}.Release|Any CPU.ActiveCfg = Release|Any CPU
		{7AC52AA2-E78D-41DA-B59F-140F46CCCFBF}.Release|Any CPU.Build.0 = Release|Any CPU
	EndGlobalSection
	GlobalSection(SolutionProperties) = preSolution
		HideSolutionNode = FALSE
	EndGlobalSection
	GlobalSection(ExtensibilityGlobals) = postSolution
		SolutionGuid = {BC66725E-BED2-4B91-A022-E76446C6E767}
	EndGlobalSection
EndGlobal
